
Microsoft Visual Studio Solution File, Format Version 12.00
# Visual Studio Version 16
VisualStudioVersion = 16.0.31702.278
MinimumVisualStudioVersion = 10.0.40219.1
Project("{9A19103F-16F7-4668-BE54-9A1E7A4F7556}") = "Weather.API", "Weather.API\Weather.API.csproj", "{97F43E8C-3706-426F-84B3-3BDBFB44E8BF}"
EndProject
Project("{9A19103F-16F7-4668-BE54-9A1E7A4F7556}") = "WebClient", "WebClient\WebClient.csproj", "{07F10404-3B90-4FFC-A353-8A0C43678086}"
EndProject
Project("{9A19103F-16F7-4668-BE54-9A1E7A4F7556}") = "Weather.PCL", "Weather.PCL\Weather.PCL.csproj", "{115AD9D5-3E9F-48E3-AAB6-FFD9B2D40662}"
EndProject
Project("{FAE04EC0-301F-11D3-BF4B-00C04F79EFBC}") = "Configs", "Configs\Configs.csproj", "{6D73C62C-C62A-4A49-9CF6-AC1C31F3A5B8}"
EndProject
Global
	GlobalSection(SolutionConfigurationPlatforms) = preSolution
		Debug|Any CPU = Debug|Any CPU
		Release|Any CPU = Release|Any CPU
	EndGlobalSection
	GlobalSection(ProjectConfigurationPlatforms) = postSolution
		{97F43E8C-3706-426F-84B3-3BDBFB44E8BF}.Debug|Any CPU.ActiveCfg = Debug|Any CPU
		{97F43E8C-3706-426F-84B3-3BDBFB44E8BF}.Debug|Any CPU.Build.0 = Debug|Any CPU
		{97F43E8C-3706-426F-84B3-3BDBFB44E8BF}.Release|Any CPU.ActiveCfg = Release|Any CPU
		{97F43E8C-3706-426F-84B3-3BDBFB44E8BF}.Release|Any CPU.Build.0 = Release|Any CPU
		{07F10404-3B90-4FFC-A353-8A0C43678086}.Debug|Any CPU.ActiveCfg = Debug|Any CPU
		{07F10404-3B90-4FFC-A353-8A0C43678086}.Debug|Any CPU.Build.0 = Debug|Any CPU
		{07F10404-3B90-4FFC-A353-8A0C43678086}.Release|Any CPU.ActiveCfg = Release|Any CPU
		{07F10404-3B90-4FFC-A353-8A0C43678086}.Release|Any CPU.Build.0 = Release|Any CPU
		{115AD9D5-3E9F-48E3-AAB6-FFD9B2D40662}.Debug|Any CPU.ActiveCfg = Debug|Any CPU
		{115AD9D5-3E9F-48E3-AAB6-FFD9B2D40662}.Debug|Any CPU.Build.0 = Debug|Any CPU
		{115AD9D5-3E9F-48E3-AAB6-FFD9B2D40662}.Release|Any CPU.ActiveCfg = Release|Any CPU
		{115AD9D5-3E9F-48E3-AAB6-FFD9B2D40662}.Release|Any CPU.Build.0 = Release|Any CPU
		{6D73C62C-C62A-4A49-9CF6-AC1C31F3A5B8}.Debug|Any CPU.ActiveCfg = Debug|Any CPU
		{6D73C62C-C62A-4A49-9CF6-AC1C31F3A5B8}.Debug|Any CPU.Build.0 = Debug|Any CPU
		{6D73C62C-C62A-4A49-9CF6-AC1C31F3A5B8}.Release|Any CPU.ActiveCfg = Release|Any CPU
		{6D73C62C-C62A-4A49-9CF6-AC1C31F3A5B8}.Release|Any CPU.Build.0 = Release|Any CPU
	EndGlobalSection
	GlobalSection(SolutionProperties) = preSolution
		HideSolutionNode = FALSE
	EndGlobalSection
	GlobalSection(ExtensibilityGlobals) = postSolution
		SolutionGuid = {BCC0D814-21DD-4791-91A5-2580C17D154D}
	EndGlobalSection
EndGlobal
